{
  "name": "london-course",
  "version": "1.0.0",
  "lockfileVersion": 3,
  "requires": true,
  "packages": {
    "": {
      "name": "london-course",
      "version": "1.0.0",
      "license": "ISC",
      "devDependencies": {
        "fast-html-parser": "^1.0.1",
        "prettier": "^3.2.4"
      }
    },
    "node_modules/apollojs": {
      "version": "1.3.0",
      "resolved": "https://registry.npmjs.org/apollojs/-/apollojs-1.3.0.tgz",
      "integrity": "sha512-JdOcRdRu7nTQDgcG0JbVbTAgIkBcg19GnibUBinf2+eSdjfShZeuX7xPf9D9ndM2FUYTvw+Mb+m8glgbHHddag==",
      "dev": true,
      "engines": {
        "node": ">=0.8"
      }
    },
    "node_modules/entities": {
      "version": "1.1.2",
      "resolved": "https://registry.npmjs.org/entities/-/entities-1.1.2.tgz",
      "integrity": "sha512-f2LZMYl1Fzu7YSBKg+RoROelpOaNrcGmE9AZubeDfrCEia483oW4MI4VyFd5VNHIgQ/7qm1I0wUHK1eJnn2y2w==",
      "dev": true
    },
    "node_modules/fast-html-parser": {
      "version": "1.0.1",
      "resolved": "https://registry.npmjs.org/fast-html-parser/-/fast-html-parser-1.0.1.tgz",
      "integrity": "sha512-WuWslmykklkoqIWqHxjkzI2s+jQPlOcS1J9rlwEPhyUwmbwZzaJHySkDTTShOKbislVgPvjfrcDz/sZpkrPlZQ==",
      "dev": true,
      "dependencies": {
        "apollojs": "^1.3.0",
        "entities": "^1.1.1"
      }
    },
    "node_modules/prettier": {
      "version": "3.2.4",
      "resolved": "https://registry.npmjs.org/prettier/-/prettier-3.2.4.tgz",
      "integrity": "sha512-FWu1oLHKCrtpO1ypU6J0SbK2d9Ckwysq6bHj/uaCP26DxrPpppCLQRGVuqAxSTvhF00AcvDRyYrLNW7ocBhFFQ==",
      "dev": true,
      "bin": {
        "prettier": "bin/prettier.cjs"
      },
      "engines": {
        "node": ">=14"
      },
      "funding": {
        "url": "https://github.com/prettier/prettier?sponsor=1"
      }
    }
  }
}
